
Microsoft Visual Studio Solution File, Format Version 12.00
# Visual Studio Version 17
VisualStudioVersion = 17.6.33723.286
MinimumVisualStudioVersion = 10.0.40219.1
Project("{FAE04EC0-301F-11D3-BF4B-00C04F79EFBC}") = "BirthdayWish", "BirthdayWish\BirthdayWish.csproj", "{260ED5F7-FDD9-44A2-839A-CC0C539CE249}"
EndProject
Global
	GlobalSection(SolutionConfigurationPlatforms) = preSolution
		Debug|Any CPU = Debug|Any CPU
		Release|Any CPU = Release|Any CPU
	EndGlobalSection
	GlobalSection(ProjectConfigurationPlatforms) = postSolution
		{260ED5F7-FDD9-44A2-839A-CC0C539CE249}.Debug|Any CPU.ActiveCfg = Debug|Any CPU
		{260ED5F7-FDD9-44A2-839A-CC0C539CE249}.Debug|Any CPU.Build.0 = Debug|Any CPU
		{260ED5F7-FDD9-44A2-839A-CC0C539CE249}.Release|Any CPU.ActiveCfg = Release|Any CPU
		{260ED5F7-FDD9-44A2-839A-CC0C539CE249}.Release|Any CPU.Build.0 = Release|Any CPU
	EndGlobalSection
	GlobalSection(SolutionProperties) = preSolution
		HideSolutionNode = FALSE
	EndGlobalSection
	GlobalSection(ExtensibilityGlobals) = postSolution
		SolutionGuid = {C2914CFD-9FDF-491F-BC62-C97667B42A86}
	EndGlobalSection
EndGlobal
